
Microsoft Visual Studio Solution File, Format Version 12.00
# Visual Studio 15
VisualStudioVersion = 15.0.27703.2042
MinimumVisualStudioVersion = 10.0.40219.1
Project("{FAE04EC0-301F-11D3-BF4B-00C04F79EFBC}") = "run", "run\run.csproj", "{C25431AC-3DE9-4FC5-BB14-B64123F15E51}"
EndProject
Project("{FAE04EC0-301F-11D3-BF4B-00C04F79EFBC}") = "src", "src\src.csproj", "{37E7A3E3-4B9C-4D6E-AB62-F62BCD794DCF}"
EndProject
Project("{FAE04EC0-301F-11D3-BF4B-00C04F79EFBC}") = "test", "test\test.csproj", "{3B9D235A-EE92-47C3-A7E4-E2997B649120}"
EndProject
Global
	GlobalSection(SolutionConfigurationPlatforms) = preSolution
		Debug|Any CPU = Debug|Any CPU
		Release|Any CPU = Release|Any CPU
	EndGlobalSection
	GlobalSection(ProjectConfigurationPlatforms) = postSolution
		{C25431AC-3DE9-4FC5-BB14-B64123F15E51}.Debug|Any CPU.ActiveCfg = Debug|Any CPU
		{C25431AC-3DE9-4FC5-BB14-B64123F15E51}.Debug|Any CPU.Build.0 = Debug|Any CPU
		{C25431AC-3DE9-4FC5-BB14-B64123F15E51}.Release|Any CPU.ActiveCfg = Release|Any CPU
		{C25431AC-3DE9-4FC5-BB14-B64123F15E51}.Release|Any CPU.Build.0 = Release|Any CPU
		{37E7A3E3-4B9C-4D6E-AB62-F62BCD794DCF}.Debug|Any CPU.ActiveCfg = Debug|Any CPU
		{37E7A3E3-4B9C-4D6E-AB62-F62BCD794DCF}.Debug|Any CPU.Build.0 = Debug|Any CPU
		{37E7A3E3-4B9C-4D6E-AB62-F62BCD794DCF}.Release|Any CPU.ActiveCfg = Release|Any CPU
		{37E7A3E3-4B9C-4D6E-AB62-F62BCD794DCF}.Release|Any CPU.Build.0 = Release|Any CPU
		{3B9D235A-EE92-47C3-A7E4-E2997B649120}.Debug|Any CPU.ActiveCfg = Debug|Any CPU
		{3B9D235A-EE92-47C3-A7E4-E2997B649120}.Debug|Any CPU.Build.0 = Debug|Any CPU
		{3B9D235A-EE92-47C3-A7E4-E2997B649120}.Release|Any CPU.ActiveCfg = Release|Any CPU
		{3B9D235A-EE92-47C3-A7E4-E2997B649120}.Release|Any CPU.Build.0 = Release|Any CPU
	EndGlobalSection
	GlobalSection(SolutionProperties) = preSolution
		HideSolutionNode = FALSE
	EndGlobalSection
	GlobalSection(ExtensibilityGlobals) = postSolution
		SolutionGuid = {6D4B3329-74F9-468E-9EA8-1D51D3584191}
	EndGlobalSection
EndGlobal
